{
    "name": "tree-sitter-issue-2338",
    "version": "0.0.1",
    "lockfileVersion": 3,
    "requires": true,
    "packages": {
        "": {
            "name": "tree-sitter-issue-2338",
            "version": "0.0.1",
            "dependencies": {
                "tree-sitter-cli": "0.20.8",
                "tree-sitter-typescript": "git+https://github.com/tree-sitter/tree-sitter-typescript.git#b1bf4825d9eaa0f3bdeb1e52f099533328acfbdf",
                "web-tree-sitter": "0.20.8"
            }
        },
        "node_modules/nan": {
            "version": "2.17.0",
            "resolved": "https://registry.npmjs.org/nan/-/nan-2.17.0.tgz",
            "integrity": "sha512-2ZTgtl0nJsO0KQCjEpxcIr5D+Yv90plTitZt9JBfQvVJDS5seMl3FOvsh3+9CoYWXf/1l5OaZzzF6nDm4cagaQ=="
        },
        "node_modules/tree-sitter-cli": {
            "version": "0.20.8",
            "resolved": "https://registry.npmjs.org/tree-sitter-cli/-/tree-sitter-cli-0.20.8.tgz",
            "integrity": "sha512-XjTcS3wdTy/2cc/ptMLc/WRyOLECRYcMTrSWyhZnj1oGSOWbHLTklgsgRICU3cPfb0vy+oZCC33M43u6R1HSCA==",
            "hasInstallScript": true,
            "bin": {
                "tree-sitter": "cli.js"
            }
        },
        "node_modules/tree-sitter-typescript": {
            "version": "0.20.2",
            "resolved": "git+ssh://git@github.com/tree-sitter/tree-sitter-typescript.git#b1bf4825d9eaa0f3bdeb1e52f099533328acfbdf",
            "integrity": "sha512-0tlLBmlEpTnKI+6O9j/rBBEnReEIfHY4lVCFkh81aTJgoFHHihA3a0O/KQCe8IL2O/jCWIa2/tffKXGybHbqjg==",
            "hasInstallScript": true,
            "license": "MIT",
            "dependencies": {
                "nan": "^2.14.0"
            }
        },
        "node_modules/web-tree-sitter": {
            "version": "0.20.8",
            "resolved": "https://registry.npmjs.org/web-tree-sitter/-/web-tree-sitter-0.20.8.tgz",
            "integrity": "sha512-weOVgZ3aAARgdnb220GqYuh7+rZU0Ka9k9yfKtGAzEYMa6GgiCzW9JjQRJyCJakvibQW+dfjJdihjInKuuCAUQ=="
        }
    }
}
